{
  "requires": true,
  "lockfileVersion": 1,
  "dependencies": {
    "simplelightbox": {
      "version": "2.1.1",
      "resolved": "https://registry.npmjs.org/simplelightbox/-/simplelightbox-2.1.1.tgz",
      "integrity": "sha512-ps3B19EAOEgW0m+A0JTSUoiBsam1GW9r78hWYCy16bH4G2VgBY35IdSuaUrysKnIxH8omYVa4TwZ9xdpCECLsA=="
    }
  }
}
