{
  "requires": true,
  "lockfileVersion": 1,
  "dependencies": {
    "sublet": {
      "version": "1.0.0",
      "resolved": "https://registry.npmjs.org/sublet/-/sublet-1.0.0.tgz",
      "integrity": "sha512-2fwCieKrlmJ0jlY5QhenFcWPxB1cSyJ0YLJfipobTm1WXMNg4wOiO/HYe5q1NS6fl9/i82qN7E15CqiZeEK1dA=="
    }
  }
}
